{
  "name": "@bitacode/spec-md-integration",
  "version": "1.0.0",
  "lockfileVersion": 2,
  "requires": true,
  "packages": {
    "": {
      "name": "@bitacode/spec-md-integration",
      "version": "1.0.0",
      "hasInstallScript": true,
      "license": "MIT",
      "dependencies": {
        "@bitacode/spec-md": "file:bitacode-spec-md-3.0.2.tgz"
      }
    },
    "node_modules/@bitacode/spec-md": {
      "version": "3.0.2",
      "resolved": "file:bitacode-spec-md-3.0.2.tgz",
      "integrity": "sha512-YVI5f/Z9+KjjDonMOe7YJLLqQ258MpbMNL2tL6By3OuEUWVVofNYVz1kcqWLZaabTuCxn9r2DZwvZgCHwLNEDQ==",
      "license": "MIT",
      "dependencies": {
        "prismjs": "^1.23.0"
      },
      "bin": {
        "spec-md": "bin/spec-md"
      },
      "engines": {
        "node": ">=10.14.2"
      }
    },
    "node_modules/prismjs": {
      "version": "1.29.0",
      "resolved": "https://registry.npmjs.org/prismjs/-/prismjs-1.29.0.tgz",
      "integrity": "sha512-Kx/1w86q/epKcmte75LNrEoT+lX8pBpavuAbvJWRXar7Hz8jrtF+e3vY751p0R8H9HdArwaCTNDDzHg/ScJK1Q==",
      "engines": {
        "node": ">=6"
      }
    }
  },
  "dependencies": {
    "@bitacode/spec-md": {
      "version": "file:bitacode-spec-md-3.0.2.tgz",
      "integrity": "sha512-YVI5f/Z9+KjjDonMOe7YJLLqQ258MpbMNL2tL6By3OuEUWVVofNYVz1kcqWLZaabTuCxn9r2DZwvZgCHwLNEDQ==",
      "requires": {
        "prismjs": "^1.23.0"
      }
    },
    "prismjs": {
      "version": "1.29.0",
      "resolved": "https://registry.npmjs.org/prismjs/-/prismjs-1.29.0.tgz",
      "integrity": "sha512-Kx/1w86q/epKcmte75LNrEoT+lX8pBpavuAbvJWRXar7Hz8jrtF+e3vY751p0R8H9HdArwaCTNDDzHg/ScJK1Q=="
    }
  }
}
